
Microsoft Visual Studio Solution File, Format Version 12.00
# Visual Studio 2012
Project("{FAE04EC0-301F-11D3-BF4B-00C04F79EFBC}") = "Utils", "Common\Utils\Utils.csproj", "{9079DABA-5CC5-4549-AA87-67A3A9B48BD9}"
EndProject
Project("{FAE04EC0-301F-11D3-BF4B-00C04F79EFBC}") = "Library", "Common\Library\Library.csproj", "{41430C52-36B4-4C89-A2C4-91F5FFE147A5}"
EndProject
Project("{FAE04EC0-301F-11D3-BF4B-00C04F79EFBC}") = "Ahzyzyw.Web", "Ahzyzyw.Web\Ahzyzyw.Web.csproj", "{C5CA2E6D-A50C-43B3-9881-6BECFE32AA3E}"
EndProject
Project("{FAE04EC0-301F-11D3-BF4B-00C04F79EFBC}") = "Ahzyzyw.BLL", "Ahzyzyw.BLL\Ahzyzyw.BLL.csproj", "{BBE53329-408C-4A6C-89E1-C99614C3654A}"
EndProject
Project("{FAE04EC0-301F-11D3-BF4B-00C04F79EFBC}") = "Ahzyzyw.BLL.Interface", "Ahzyzyw.BLL.Interface\Ahzyzyw.BLL.Interface.csproj", "{587D6F48-8CD1-4910-A421-F3D13D641374}"
EndProject
Project("{FAE04EC0-301F-11D3-BF4B-00C04F79EFBC}") = "Ahzyzyw.DAL", "Ahzyzyw.DAL\Ahzyzyw.DAL.csproj", "{832A0A68-642F-41DB-8D35-8382C563B84D}"
EndProject
Project("{FAE04EC0-301F-11D3-BF4B-00C04F79EFBC}") = "Ahzyzyw.DAL.Interface", "Ahzyzyw.DAL.Interface\Ahzyzyw.DAL.Interface.csproj", "{94CF359C-8F40-4ED0-B71D-7B92A3D79090}"
EndProject
Project("{FAE04EC0-301F-11D3-BF4B-00C04F79EFBC}") = "Ahzyzyw.Model", "Ahzyzyw.Model\Ahzyzyw.Model.csproj", "{5DCFBEF4-0F73-4C1B-8BE0-E9292F7A3C5E}"
EndProject
Project("{FAE04EC0-301F-11D3-BF4B-00C04F79EFBC}") = "Ahzyzyw.Test", "Ahzyzyw.Test\Ahzyzyw.Test.csproj", "{2A02952F-1259-456A-A2BB-2EB05D5EE7F3}"
EndProject
Project("{FAE04EC0-301F-11D3-BF4B-00C04F79EFBC}") = "Ahzyzyw.Common", "Ahzyzyw.Common\Ahzyzyw.Common.csproj", "{DCB8510A-82D2-494A-A3FC-FC5E14D579F6}"
EndProject
Project("{2150E333-8FDC-42A3-9474-1A3956D46DE8}") = "Web", "Web", "{E5B92329-6671-42CF-881F-9B41C4AE50CD}"
EndProject
Project("{2150E333-8FDC-42A3-9474-1A3956D46DE8}") = "Tools", "Tools", "{5A3E7E58-E3E1-40EB-9FF7-6067C498140D}"
EndProject
Project("{2150E333-8FDC-42A3-9474-1A3956D46DE8}") = "App", "App", "{77A4FAAD-7464-4FE4-B92F-6164CEE64080}"
EndProject
Project("{2150E333-8FDC-42A3-9474-1A3956D46DE8}") = "Common", "Common", "{C52A0CE6-189A-4610-80E3-FA0991AB117B}"
EndProject
Project("{2150E333-8FDC-42A3-9474-1A3956D46DE8}") = "Test", "Test", "{4724651B-CC5E-4197-8E3C-933424503003}"
EndProject
Project("{FAE04EC0-301F-11D3-BF4B-00C04F79EFBC}") = "ResourceItemRead", "ResourceItemRead\ResourceItemRead.csproj", "{9C39C73F-C81C-4C3A-A1E5-DD3C92C1FBBE}"
EndProject
Global
	GlobalSection(SolutionConfigurationPlatforms) = preSolution
		Debug|Any CPU = Debug|Any CPU
		Release|Any CPU = Release|Any CPU
	EndGlobalSection
	GlobalSection(ProjectConfigurationPlatforms) = postSolution
		{9079DABA-5CC5-4549-AA87-67A3A9B48BD9}.Debug|Any CPU.ActiveCfg = Debug|Any CPU
		{9079DABA-5CC5-4549-AA87-67A3A9B48BD9}.Debug|Any CPU.Build.0 = Debug|Any CPU
		{9079DABA-5CC5-4549-AA87-67A3A9B48BD9}.Release|Any CPU.ActiveCfg = Release|Any CPU
		{9079DABA-5CC5-4549-AA87-67A3A9B48BD9}.Release|Any CPU.Build.0 = Release|Any CPU
		{41430C52-36B4-4C89-A2C4-91F5FFE147A5}.Debug|Any CPU.ActiveCfg = Debug|Any CPU
		{41430C52-36B4-4C89-A2C4-91F5FFE147A5}.Debug|Any CPU.Build.0 = Debug|Any CPU
		{41430C52-36B4-4C89-A2C4-91F5FFE147A5}.Release|Any CPU.ActiveCfg = Release|Any CPU
		{41430C52-36B4-4C89-A2C4-91F5FFE147A5}.Release|Any CPU.Build.0 = Release|Any CPU
		{C5CA2E6D-A50C-43B3-9881-6BECFE32AA3E}.Debug|Any CPU.ActiveCfg = Debug|Any CPU
		{C5CA2E6D-A50C-43B3-9881-6BECFE32AA3E}.Debug|Any CPU.Build.0 = Debug|Any CPU
		{C5CA2E6D-A50C-43B3-9881-6BECFE32AA3E}.Release|Any CPU.ActiveCfg = Release|Any CPU
		{C5CA2E6D-A50C-43B3-9881-6BECFE32AA3E}.Release|Any CPU.Build.0 = Release|Any CPU
		{BBE53329-408C-4A6C-89E1-C99614C3654A}.Debug|Any CPU.ActiveCfg = Debug|Any CPU
		{BBE53329-408C-4A6C-89E1-C99614C3654A}.Debug|Any CPU.Build.0 = Debug|Any CPU
		{BBE53329-408C-4A6C-89E1-C99614C3654A}.Release|Any CPU.ActiveCfg = Release|Any CPU
		{BBE53329-408C-4A6C-89E1-C99614C3654A}.Release|Any CPU.Build.0 = Release|Any CPU
		{587D6F48-8CD1-4910-A421-F3D13D641374}.Debug|Any CPU.ActiveCfg = Debug|Any CPU
		{587D6F48-8CD1-4910-A421-F3D13D641374}.Debug|Any CPU.Build.0 = Debug|Any CPU
		{587D6F48-8CD1-4910-A421-F3D13D641374}.Release|Any CPU.ActiveCfg = Release|Any CPU
		{587D6F48-8CD1-4910-A421-F3D13D641374}.Release|Any CPU.Build.0 = Release|Any CPU
		{832A0A68-642F-41DB-8D35-8382C563B84D}.Debug|Any CPU.ActiveCfg = Debug|Any CPU
		{832A0A68-642F-41DB-8D35-8382C563B84D}.Debug|Any CPU.Build.0 = Debug|Any CPU
		{832A0A68-642F-41DB-8D35-8382C563B84D}.Release|Any CPU.ActiveCfg = Release|Any CPU
		{832A0A68-642F-41DB-8D35-8382C563B84D}.Release|Any CPU.Build.0 = Release|Any CPU
		{94CF359C-8F40-4ED0-B71D-7B92A3D79090}.Debug|Any CPU.ActiveCfg = Debug|Any CPU
		{94CF359C-8F40-4ED0-B71D-7B92A3D79090}.Debug|Any CPU.Build.0 = Debug|Any CPU
		{94CF359C-8F40-4ED0-B71D-7B92A3D79090}.Release|Any CPU.ActiveCfg = Release|Any CPU
		{94CF359C-8F40-4ED0-B71D-7B92A3D79090}.Release|Any CPU.Build.0 = Release|Any CPU
		{5DCFBEF4-0F73-4C1B-8BE0-E9292F7A3C5E}.Debug|Any CPU.ActiveCfg = Debug|Any CPU
		{5DCFBEF4-0F73-4C1B-8BE0-E9292F7A3C5E}.Debug|Any CPU.Build.0 = Debug|Any CPU
		{5DCFBEF4-0F73-4C1B-8BE0-E9292F7A3C5E}.Release|Any CPU.ActiveCfg = Release|Any CPU
		{5DCFBEF4-0F73-4C1B-8BE0-E9292F7A3C5E}.Release|Any CPU.Build.0 = Release|Any CPU
		{2A02952F-1259-456A-A2BB-2EB05D5EE7F3}.Debug|Any CPU.ActiveCfg = Debug|Any CPU
		{2A02952F-1259-456A-A2BB-2EB05D5EE7F3}.Debug|Any CPU.Build.0 = Debug|Any CPU
		{2A02952F-1259-456A-A2BB-2EB05D5EE7F3}.Release|Any CPU.ActiveCfg = Release|Any CPU
		{2A02952F-1259-456A-A2BB-2EB05D5EE7F3}.Release|Any CPU.Build.0 = Release|Any CPU
		{DCB8510A-82D2-494A-A3FC-FC5E14D579F6}.Debug|Any CPU.ActiveCfg = Debug|Any CPU
		{DCB8510A-82D2-494A-A3FC-FC5E14D579F6}.Debug|Any CPU.Build.0 = Debug|Any CPU
		{DCB8510A-82D2-494A-A3FC-FC5E14D579F6}.Release|Any CPU.ActiveCfg = Release|Any CPU
		{DCB8510A-82D2-494A-A3FC-FC5E14D579F6}.Release|Any CPU.Build.0 = Release|Any CPU
		{9C39C73F-C81C-4C3A-A1E5-DD3C92C1FBBE}.Debug|Any CPU.ActiveCfg = Debug|Any CPU
		{9C39C73F-C81C-4C3A-A1E5-DD3C92C1FBBE}.Debug|Any CPU.Build.0 = Debug|Any CPU
		{9C39C73F-C81C-4C3A-A1E5-DD3C92C1FBBE}.Release|Any CPU.ActiveCfg = Release|Any CPU
		{9C39C73F-C81C-4C3A-A1E5-DD3C92C1FBBE}.Release|Any CPU.Build.0 = Release|Any CPU
	EndGlobalSection
	GlobalSection(SolutionProperties) = preSolution
		HideSolutionNode = FALSE
	EndGlobalSection
	GlobalSection(NestedProjects) = preSolution
		{C5CA2E6D-A50C-43B3-9881-6BECFE32AA3E} = {E5B92329-6671-42CF-881F-9B41C4AE50CD}
		{9C39C73F-C81C-4C3A-A1E5-DD3C92C1FBBE} = {5A3E7E58-E3E1-40EB-9FF7-6067C498140D}
		{BBE53329-408C-4A6C-89E1-C99614C3654A} = {77A4FAAD-7464-4FE4-B92F-6164CEE64080}
		{587D6F48-8CD1-4910-A421-F3D13D641374} = {77A4FAAD-7464-4FE4-B92F-6164CEE64080}
		{832A0A68-642F-41DB-8D35-8382C563B84D} = {77A4FAAD-7464-4FE4-B92F-6164CEE64080}
		{94CF359C-8F40-4ED0-B71D-7B92A3D79090} = {77A4FAAD-7464-4FE4-B92F-6164CEE64080}
		{DCB8510A-82D2-494A-A3FC-FC5E14D579F6} = {C52A0CE6-189A-4610-80E3-FA0991AB117B}
		{5DCFBEF4-0F73-4C1B-8BE0-E9292F7A3C5E} = {C52A0CE6-189A-4610-80E3-FA0991AB117B}
		{41430C52-36B4-4C89-A2C4-91F5FFE147A5} = {C52A0CE6-189A-4610-80E3-FA0991AB117B}
		{9079DABA-5CC5-4549-AA87-67A3A9B48BD9} = {C52A0CE6-189A-4610-80E3-FA0991AB117B}
		{2A02952F-1259-456A-A2BB-2EB05D5EE7F3} = {4724651B-CC5E-4197-8E3C-933424503003}
	EndGlobalSection
EndGlobal
